
Microsoft Visual Studio Solution File, Format Version 12.00
# Visual Studio Version 16
VisualStudioVersion = 16.0.31424.327
MinimumVisualStudioVersion = 10.0.40219.1
Project("{2150E333-8FDC-42A3-9474-1A3956D46DE8}") = "Solution Items", "Solution Items", "{D2165863-0922-4478-9754-556614CD76D3}"
	ProjectSection(SolutionItems) = preProject
		notes.md = notes.md
	EndProjectSection
EndProject
Project("{9A19103F-16F7-4668-BE54-9A1E7A4F7556}") = "dbdocs", "dbdocs\dbdocs.csproj", "{1CEE9898-A4D1-4A02-B5F1-8CBA5D677A72}"
EndProject
Project("{9A19103F-16F7-4668-BE54-9A1E7A4F7556}") = "dbdocs.lib", "dbdocs.lib\dbdocs.lib.csproj", "{1DF0A182-8F04-48B3-937F-EC73A2B241C5}"
EndProject
Project("{9A19103F-16F7-4668-BE54-9A1E7A4F7556}") = "dbdocs.console", "dbdocs.console\dbdocs.console.csproj", "{77D5EB51-D662-4493-97E0-6BA75E322DA4}"
EndProject
Project("{FAE04EC0-301F-11D3-BF4B-00C04F79EFBC}") = "dbdocs.tests", "dbdocs.tests\dbdocs.tests.csproj", "{3A7F1D05-FD0F-4F37-B2DD-CB16EF4753FD}"
EndProject
Global
	GlobalSection(SolutionConfigurationPlatforms) = preSolution
		Debug|Any CPU = Debug|Any CPU
		Release|Any CPU = Release|Any CPU
	EndGlobalSection
	GlobalSection(ProjectConfigurationPlatforms) = postSolution
		{1CEE9898-A4D1-4A02-B5F1-8CBA5D677A72}.Debug|Any CPU.ActiveCfg = Debug|Any CPU
		{1CEE9898-A4D1-4A02-B5F1-8CBA5D677A72}.Debug|Any CPU.Build.0 = Debug|Any CPU
		{1CEE9898-A4D1-4A02-B5F1-8CBA5D677A72}.Release|Any CPU.ActiveCfg = Release|Any CPU
		{1CEE9898-A4D1-4A02-B5F1-8CBA5D677A72}.Release|Any CPU.Build.0 = Release|Any CPU
		{1DF0A182-8F04-48B3-937F-EC73A2B241C5}.Debug|Any CPU.ActiveCfg = Debug|Any CPU
		{1DF0A182-8F04-48B3-937F-EC73A2B241C5}.Debug|Any CPU.Build.0 = Debug|Any CPU
		{1DF0A182-8F04-48B3-937F-EC73A2B241C5}.Release|Any CPU.ActiveCfg = Release|Any CPU
		{1DF0A182-8F04-48B3-937F-EC73A2B241C5}.Release|Any CPU.Build.0 = Release|Any CPU
		{77D5EB51-D662-4493-97E0-6BA75E322DA4}.Debug|Any CPU.ActiveCfg = Debug|Any CPU
		{77D5EB51-D662-4493-97E0-6BA75E322DA4}.Debug|Any CPU.Build.0 = Debug|Any CPU
		{77D5EB51-D662-4493-97E0-6BA75E322DA4}.Release|Any CPU.ActiveCfg = Release|Any CPU
		{77D5EB51-D662-4493-97E0-6BA75E322DA4}.Release|Any CPU.Build.0 = Release|Any CPU
		{3A7F1D05-FD0F-4F37-B2DD-CB16EF4753FD}.Debug|Any CPU.ActiveCfg = Debug|Any CPU
		{3A7F1D05-FD0F-4F37-B2DD-CB16EF4753FD}.Debug|Any CPU.Build.0 = Debug|Any CPU
		{3A7F1D05-FD0F-4F37-B2DD-CB16EF4753FD}.Release|Any CPU.ActiveCfg = Release|Any CPU
		{3A7F1D05-FD0F-4F37-B2DD-CB16EF4753FD}.Release|Any CPU.Build.0 = Release|Any CPU
	EndGlobalSection
	GlobalSection(SolutionProperties) = preSolution
		HideSolutionNode = FALSE
	EndGlobalSection
	GlobalSection(ExtensibilityGlobals) = postSolution
		SolutionGuid = {0CA5615A-D6C2-4193-9429-EB30FD16263A}
	EndGlobalSection
EndGlobal
